
Microsoft Visual Studio Solution File, Format Version 12.00
# Visual Studio 2013
VisualStudioVersion = 12.0.30501.0
MinimumVisualStudioVersion = 10.0.40219.1
Project("{2150E333-8FDC-42A3-9474-1A3956D46DE8}") = "Tests", "Tests", "{10646A39-62B0-45F4-9D1C-46252B174541}"
EndProject
Project("{2150E333-8FDC-42A3-9474-1A3956D46DE8}") = "References", "References", "{83B52027-C2CE-459B-B2D6-171D30532F57}"
EndProject
Project("{FAE04EC0-301F-11D3-BF4B-00C04F79EFBC}") = "BluffinMuffin.HandEvaluator", "BluffinMuffin.HandEvaluator\BluffinMuffin.HandEvaluator.csproj", "{AC873F2B-DE2B-4124-909E-5A6939ADEF9C}"
EndProject
Project("{FAE04EC0-301F-11D3-BF4B-00C04F79EFBC}") = "BluffinMuffin.HandEvaluator.Test", "BluffinMuffin.HandEvaluator.Test\BluffinMuffin.HandEvaluator.Test.csproj", "{8F9B4EFB-AE26-471B-BA01-AD9C00A9ED2D}"
EndProject
Project("{FAE04EC0-301F-11D3-BF4B-00C04F79EFBC}") = "BluffinMuffin.HandEvaluator.Demo", "BluffinMuffin.HandEvaluator.Demo\BluffinMuffin.HandEvaluator.Demo.csproj", "{58028189-BA64-484C-8C7E-0A5FF6F2047E}"
EndProject
Project("{2150E333-8FDC-42A3-9474-1A3956D46DE8}") = "Documentation", "Documentation", "{DD737344-B720-48A1-BC1B-EB50651FD79C}"
	ProjectSection(SolutionItems) = preProject
		..\Documentation\hands_strength.png = ..\Documentation\hands_strength.png
		..\README.md = ..\README.md
	EndProjectSection
EndProject
Global
	GlobalSection(SolutionConfigurationPlatforms) = preSolution
		Debug|Any CPU = Debug|Any CPU
		Release|Any CPU = Release|Any CPU
	EndGlobalSection
	GlobalSection(ProjectConfigurationPlatforms) = postSolution
		{AC873F2B-DE2B-4124-909E-5A6939ADEF9C}.Debug|Any CPU.ActiveCfg = Debug|Any CPU
		{AC873F2B-DE2B-4124-909E-5A6939ADEF9C}.Debug|Any CPU.Build.0 = Debug|Any CPU
		{AC873F2B-DE2B-4124-909E-5A6939ADEF9C}.Release|Any CPU.ActiveCfg = Release|Any CPU
		{AC873F2B-DE2B-4124-909E-5A6939ADEF9C}.Release|Any CPU.Build.0 = Release|Any CPU
		{8F9B4EFB-AE26-471B-BA01-AD9C00A9ED2D}.Debug|Any CPU.ActiveCfg = Debug|Any CPU
		{8F9B4EFB-AE26-471B-BA01-AD9C00A9ED2D}.Debug|Any CPU.Build.0 = Debug|Any CPU
		{8F9B4EFB-AE26-471B-BA01-AD9C00A9ED2D}.Release|Any CPU.ActiveCfg = Release|Any CPU
		{8F9B4EFB-AE26-471B-BA01-AD9C00A9ED2D}.Release|Any CPU.Build.0 = Release|Any CPU
		{58028189-BA64-484C-8C7E-0A5FF6F2047E}.Debug|Any CPU.ActiveCfg = Debug|Any CPU
		{58028189-BA64-484C-8C7E-0A5FF6F2047E}.Debug|Any CPU.Build.0 = Debug|Any CPU
		{58028189-BA64-484C-8C7E-0A5FF6F2047E}.Release|Any CPU.ActiveCfg = Release|Any CPU
		{58028189-BA64-484C-8C7E-0A5FF6F2047E}.Release|Any CPU.Build.0 = Release|Any CPU
	EndGlobalSection
	GlobalSection(SolutionProperties) = preSolution
		HideSolutionNode = FALSE
	EndGlobalSection
	GlobalSection(NestedProjects) = preSolution
		{8F9B4EFB-AE26-471B-BA01-AD9C00A9ED2D} = {10646A39-62B0-45F4-9D1C-46252B174541}
		{58028189-BA64-484C-8C7E-0A5FF6F2047E} = {10646A39-62B0-45F4-9D1C-46252B174541}
	EndGlobalSection
EndGlobal
